Microsoft Visual Studio Solution File, Format Version 11.00
# Visual Studio 2008

Project("{B6153C64-A384-F0DE-7500-D85CFC161E60}") = "PolyGame0419", "Assembly-CSharp-firstpass.csproj", "{E0560242-DB5A-258A-03CB-59A64831C25F}"
EndProject
Project("{B6153C64-A384-F0DE-7500-D85CFC161E60}") = "PolyGame0419", "Assembly-CSharp.csproj", "{6EA28D22-5887-00A9-30D2-C2861C930C6B}"
EndProject
Project("{B6153C64-A384-F0DE-7500-D85CFC161E60}") = "PolyGame0419", "Assembly-UnityScript.unityproj", "{714C02FD-8D5F-2AC5-32E0-BE190810583F}"
EndProject
Global
	GlobalSection(SolutionConfigurationPlatforms) = preSolution
		Debug|Any CPU = Debug|Any CPU
		Release|Any CPU = Release|Any CPU
	EndGlobalSection
	GlobalSection(ProjectConfigurationPlatforms) = postSolution
		{E0560242-DB5A-258A-03CB-59A64831C25F}.Debug|Any CPU.ActiveCfg = Debug|Any CPU
		{E0560242-DB5A-258A-03CB-59A64831C25F}.Debug|Any CPU.Build.0 = Debug|Any CPU
		{E0560242-DB5A-258A-03CB-59A64831C25F}.Release|Any CPU.ActiveCfg = Release|Any CPU
		{E0560242-DB5A-258A-03CB-59A64831C25F}.Release|Any CPU.Build.0 = Release|Any CPU
		{6EA28D22-5887-00A9-30D2-C2861C930C6B}.Debug|Any CPU.ActiveCfg = Debug|Any CPU
		{6EA28D22-5887-00A9-30D2-C2861C930C6B}.Debug|Any CPU.Build.0 = Debug|Any CPU
		{6EA28D22-5887-00A9-30D2-C2861C930C6B}.Release|Any CPU.ActiveCfg = Release|Any CPU
		{6EA28D22-5887-00A9-30D2-C2861C930C6B}.Release|Any CPU.Build.0 = Release|Any CPU
		{714C02FD-8D5F-2AC5-32E0-BE190810583F}.Debug|Any CPU.ActiveCfg = Debug|Any CPU
		{714C02FD-8D5F-2AC5-32E0-BE190810583F}.Debug|Any CPU.Build.0 = Debug|Any CPU
		{714C02FD-8D5F-2AC5-32E0-BE190810583F}.Release|Any CPU.ActiveCfg = Release|Any CPU
		{714C02FD-8D5F-2AC5-32E0-BE190810583F}.Release|Any CPU.Build.0 = Release|Any CPU
	EndGlobalSection
	GlobalSection(SolutionProperties) = preSolution
		HideSolutionNode = FALSE
	EndGlobalSection
	GlobalSection(MonoDevelopProperties) = preSolution
		StartupItem = Assembly-CSharp.csproj
		Policies = $0
		$0.TextStylePolicy = $1
		$1.inheritsSet = null
		$1.scope = text/x-csharp
		$0.CSharpFormattingPolicy = $2
		$2.inheritsSet = Mono
		$2.inheritsScope = text/x-csharp
		$2.scope = text/x-csharp
		$0.TextStylePolicy = $3
		$3.FileWidth = 120
		$3.TabWidth = 4
		$3.EolMarker = Unix
		$3.inheritsSet = Mono
		$3.inheritsScope = text/plain
		$3.scope = text/plain
	EndGlobalSection
EndGlobal
